
Microsoft Visual Studio Solution File, Format Version 12.00
# Visual Studio 15
VisualStudioVersion = 15.0.27130.2036
MinimumVisualStudioVersion = 10.0.40219.1
Project("{2150E333-8FDC-42A3-9474-1A3956D46DE8}") = "src", "src", "{EA1C62A6-C586-42B8-8E2E-8AB832DAD905}"
EndProject
Project("{2150E333-8FDC-42A3-9474-1A3956D46DE8}") = "samples", "samples", "{F2CF0D71-CB23-4076-84F9-54C219FEC249}"
EndProject
Project("{9A19103F-16F7-4668-BE54-9A1E7A4F7556}") = "WebApplication", "samples\WebApplication\WebApplication.csproj", "{1D672B87-F539-4871-AE3E-7D4742A51920}"
EndProject
Project("{9A19103F-16F7-4668-BE54-9A1E7A4F7556}") = "ExtendSql", "ExtendSql\ExtendSql.csproj", "{31390CFA-EB68-425F-B3C5-6CF10620BA05}"
EndProject
Global
	GlobalSection(SolutionConfigurationPlatforms) = preSolution
		Debug|Any CPU = Debug|Any CPU
		Release|Any CPU = Release|Any CPU
	EndGlobalSection
	GlobalSection(ProjectConfigurationPlatforms) = postSolution
		{1D672B87-F539-4871-AE3E-7D4742A51920}.Debug|Any CPU.ActiveCfg = Debug|Any CPU
		{1D672B87-F539-4871-AE3E-7D4742A51920}.Debug|Any CPU.Build.0 = Debug|Any CPU
		{1D672B87-F539-4871-AE3E-7D4742A51920}.Release|Any CPU.ActiveCfg = Release|Any CPU
		{1D672B87-F539-4871-AE3E-7D4742A51920}.Release|Any CPU.Build.0 = Release|Any CPU
		{31390CFA-EB68-425F-B3C5-6CF10620BA05}.Debug|Any CPU.ActiveCfg = Debug|Any CPU
		{31390CFA-EB68-425F-B3C5-6CF10620BA05}.Debug|Any CPU.Build.0 = Debug|Any CPU
		{31390CFA-EB68-425F-B3C5-6CF10620BA05}.Release|Any CPU.ActiveCfg = Release|Any CPU
		{31390CFA-EB68-425F-B3C5-6CF10620BA05}.Release|Any CPU.Build.0 = Release|Any CPU
	EndGlobalSection
	GlobalSection(SolutionProperties) = preSolution
		HideSolutionNode = FALSE
	EndGlobalSection
	GlobalSection(NestedProjects) = preSolution
		{1D672B87-F539-4871-AE3E-7D4742A51920} = {F2CF0D71-CB23-4076-84F9-54C219FEC249}
		{31390CFA-EB68-425F-B3C5-6CF10620BA05} = {EA1C62A6-C586-42B8-8E2E-8AB832DAD905}
	EndGlobalSection
	GlobalSection(ExtensibilityGlobals) = postSolution
		SolutionGuid = {3797DAC2-4547-42BC-9225-01E65BD21E6F}
	EndGlobalSection
EndGlobal
